
Microsoft Visual Studio Solution File, Format Version 12.00
# Visual Studio Version 16
VisualStudioVersion = 16.0.32901.82
MinimumVisualStudioVersion = 10.0.40219.1
Project("{FAE04EC0-301F-11D3-BF4B-00C04F79EFBC}") = "BackupSaves", "BackupSaves\BackupSaves.csproj", "{589461B9-3E32-4900-89EA-D662E2A2B757}"
EndProject
Global
	GlobalSection(SolutionConfigurationPlatforms) = preSolution
		Debug|Any CPU = Debug|Any CPU
		Release|Any CPU = Release|Any CPU
	EndGlobalSection
	GlobalSection(ProjectConfigurationPlatforms) = postSolution
		{589461B9-3E32-4900-89EA-D662E2A2B757}.Debug|Any CPU.ActiveCfg = Debug|Any CPU
		{589461B9-3E32-4900-89EA-D662E2A2B757}.Debug|Any CPU.Build.0 = Debug|Any CPU
		{589461B9-3E32-4900-89EA-D662E2A2B757}.Release|Any CPU.ActiveCfg = Release|Any CPU
		{589461B9-3E32-4900-89EA-D662E2A2B757}.Release|Any CPU.Build.0 = Release|Any CPU
	EndGlobalSection
	GlobalSection(SolutionProperties) = preSolution
		HideSolutionNode = FALSE
	EndGlobalSection
	GlobalSection(ExtensibilityGlobals) = postSolution
		SolutionGuid = {A9C30945-1E09-4CA6-A475-C6990FF35697}
	EndGlobalSection
EndGlobal
